// !$*UTF8*$!
{
	archiveVersion = 1;
	classes = {
	};
	objectVersion = 48;
	objects = {

/* Begin PBXBuildFile section */
		A9AD95381FE0F1B700E7F736 /* AppDelegate.swift in Sources */ = {isa = PBXBuildFile; fileRef = A9AD95371FE0F1B700E7F736 /* AppDelegate.swift */; };
		A9AD953A1FE0F1B700E7F736 /* ViewController.swift in Sources */ = {isa = PBXBuildFile; fileRef = A9AD95391FE0F1B700E7F736 /* ViewController.swift */; };
		A9AD953D1FE0F1B700E7F736 /* Main.storyboard in Resources */ = {isa = PBXBuildFile; fileRef = A9AD953B1FE0F1B700E7F736 /* Main.storyboard */; };
		A9AD953F1FE0F1B700E7F736 /* Assets.xcassets in Resources */ = {isa = PBXBuildFile; fileRef = A9AD953E1FE0F1B700E7F736 /* Assets.xcassets */; };
		A9AD95421FE0F1B700E7F736 /* LaunchScreen.storyboard in Resources */ = {isa = PBXBuildFile; fileRef = A9AD95401FE0F1B700E7F736 /* LaunchScreen.storyboard */; };
		A9AD95581FE1368300E7F736 /* AJAlertController.swift in Sources */ = {isa = PBXBuildFile; fileRef = A9AD95541FE1368300E7F736 /* AJAlertController.swift */; };
		A9AD95591FE1368300E7F736 /* AJAlertController.xib in Resources */ = {isa = PBXBuildFile; fileRef = A9AD95551FE1368300E7F736 /* AJAlertController.xib */; };
/* End PBXBuildFile section */

/* Begin PBXFileReference section */
		A9AD95341FE0F1B700E7F736 /* AJAlertController.app */ = {isa = PBXFileReference; explicitFileType = wrapper.application; includeInIndex = 0; path = AJAlertController.app; sourceTree = BUILT_PRODUCTS_DIR; };
		A9AD95371FE0F1B700E7F736 /* AppDelegate.swift */ = {isa = PBXFileReference; lastKnownFileType = sourcecode.swift; path = AppDelegate.swift; sourceTree = "<group>"; };
		A9AD95391FE0F1B700E7F736 /* ViewController.swift */ = {isa = PBXFileReference; lastKnownFileType = sourcecode.swift; path = ViewController.swift; sourceTree = "<group>"; };
		A9AD953C1FE0F1B700E7F736 /* Base */ = {isa = PBXFileReference; lastKnownFileType = file.storyboard; name = Base; path = Base.lproj/Main.storyboard; sourceTree = "<group>"; };
		A9AD953E1FE0F1B700E7F736 /* Assets.xcassets */ = {isa = PBXFileReference; lastKnownFileType = folder.assetcatalog; path = Assets.xcassets; sourceTree = "<group>"; };
		A9AD95411FE0F1B700E7F736 /* Base */ = {isa = PBXFileReference; lastKnownFileType = file.storyboard; name = Base; path = Base.lproj/LaunchScreen.storyboard; sourceTree = "<group>"; };
		A9AD95431FE0F1B700E7F736 /* Info.plist */ = {isa = PBXFileReference; lastKnownFileType = text.plist.xml; path = Info.plist; sourceTree = "<group>"; };
		A9AD95541FE1368300E7F736 /* AJAlertController.swift */ = {isa = PBXFileReference; fileEncoding = 4; lastKnownFileType = sourcecode.swift; path = AJAlertController.swift; sourceTree = "<group>"; };
		A9AD95551FE1368300E7F736 /* AJAlertController.xib */ = {isa = PBXFileReference; fileEncoding = 4; lastKnownFileType = file.xib; path = AJAlertController.xib; sourceTree = "<group>"; };
/* End PBXFileReference section */

/* Begin PBXFrameworksBuildPhase section */
		A9AD95311FE0F1B700E7F736 /* Frameworks */ = {
			isa = PBXFrameworksBuildPhase;
			buildActionMask = 2147483647;
			files = (
			);
			runOnlyForDeploymentPostprocessing = 0;
		};
/* End PBXFrameworksBuildPhase section */

/* Begin PBXGroup section */
		A9AD952B1FE0F1B700E7F736 = {
			isa = PBXGroup;
			children = (
				A9AD95361FE0F1B700E7F736 /* AJAlertController */,
				A9AD95351FE0F1B700E7F736 /* Products */,
			);
			sourceTree = "<group>";
		};
		A9AD95351FE0F1B700E7F736 /* Products */ = {
			isa = PBXGroup;
			children = (
				A9AD95341FE0F1B700E7F736 /* AJAlertController.app */,
			);
			name = Products;
			sourceTree = "<group>";
		};
		A9AD95361FE0F1B700E7F736 /* AJAlertController */ = {
			isa = PBXGroup;
			children = (
				A9AD95521FE1368300E7F736 /* AJAlertController */,
				A9AD95371FE0F1B700E7F736 /* AppDelegate.swift */,
				A9AD95391FE0F1B700E7F736 /* ViewController.swift */,
				A9AD953B1FE0F1B700E7F736 /* Main.storyboard */,
				A9AD953E1FE0F1B700E7F736 /* Assets.xcassets */,
				A9AD95401FE0F1B700E7F736 /* LaunchScreen.storyboard */,
				A9AD95431FE0F1B700E7F736 /* Info.plist */,
			);
			path = AJAlertController;
			sourceTree = "<group>";
		};
		A9AD95521FE1368300E7F736 /* AJAlertController */ = {
			isa = PBXGroup;
			children = (
				A9AD95541FE1368300E7F736 /* AJAlertController.swift */,
				A9AD95551FE1368300E7F736 /* AJAlertController.xib */,
			);
			path = AJAlertController;
			sourceTree = "<group>";
		};
/* End PBXGroup section */

/* Begin PBXNativeTarget section */
		A9AD95331FE0F1B700E7F736 /* AJAlertController */ = {
			isa = PBXNativeTarget;
			buildConfigurationList = A9AD95461FE0F1B700E7F736 /* Build configuration list for PBXNativeTarget "AJAlertController" */;
			buildPhases = (
				A9AD95301FE0F1B700E7F736 /* Sources */,
				A9AD95311FE0F1B700E7F736 /* Frameworks */,
				A9AD95321FE0F1B700E7F736 /* Resources */,
			);
			buildRules = (
			);
			dependencies = (
			);
			name = AJAlertController;
			productName = AJCustomAlert;
			productReference = A9AD95341FE0F1B700E7F736 /* AJAlertController.app */;
			productType = "com.apple.product-type.application";
		};
/* End PBXNativeTarget section */

/* Begin PBXProject section */
		A9AD952C1FE0F1B700E7F736 /* Project object */ = {
			isa = PBXProject;
			attributes = {
				LastSwiftUpdateCheck = 0920;
				LastUpgradeCheck = 1200;
				ORGANIZATIONNAME = indianic;
				TargetAttributes = {
					A9AD95331FE0F1B700E7F736 = {
						CreatedOnToolsVersion = 9.2;
						ProvisioningStyle = Manual;
					};
				};
			};
			buildConfigurationList = A9AD952F1FE0F1B700E7F736 /* Build configuration list for PBXProject "AJAlertController" */;
			compatibilityVersion = "Xcode 8.0";
			developmentRegion = en;
			hasScannedForEncodings = 0;
			knownRegions = (
				en,
				Base,
			);
			mainGroup = A9AD952B1FE0F1B700E7F736;
			productRefGroup = A9AD95351FE0F1B700E7F736 /* Products */;
			projectDirPath = "";
			projectRoot = "";
			targets = (
				A9AD95331FE0F1B700E7F736 /* AJAlertController */,
			);
		};
/* End PBXProject section */

/* Begin PBXResourcesBuildPhase section */
		A9AD95321FE0F1B700E7F736 /* Resources */ = {
			isa = PBXResourcesBuildPhase;
			buildActionMask = 2147483647;
			files = (
				A9AD95591FE1368300E7F736 /* AJAlertController.xib in Resources */,
				A9AD95421FE0F1B700E7F736 /* LaunchScreen.storyboard in Resources */,
				A9AD953F1FE0F1B700E7F736 /* Assets.xcassets in Resources */,
				A9AD953D1FE0F1B700E7F736 /* Main.storyboard in Resources */,
			);
			runOnlyForDeploymentPostprocessing = 0;
		};
/* End PBXResourcesBuildPhase section */

/* Begin PBXSourcesBuildPhase section */
		A9AD95301FE0F1B700E7F736 /* Sources */ = {
			isa = PBXSourcesBuildPhase;
			buildActionMask = 2147483647;
			files = (
				A9AD95581FE1368300E7F736 /* AJAlertController.swift in Sources */,
				A9AD953A1FE0F1B700E7F736 /* ViewController.swift in Sources */,
				A9AD95381FE0F1B700E7F736 /* AppDelegate.swift in Sources */,
			);
			runOnlyForDeploymentPostprocessing = 0;
		};
/* End PBXSourcesBuildPhase section */

/* Begin PBXVariantGroup section */
		A9AD953B1FE0F1B700E7F736 /* Main.storyboard */ = {
			isa = PBXVariantGroup;
			children = (
				A9AD953C1FE0F1B700E7F736 /* Base */,
			);
			name = Main.storyboard;
			sourceTree = "<group>";
		};
		A9AD95401FE0F1B700E7F736 /* LaunchScreen.storyboard */ = {
			isa = PBXVariantGroup;
			children = (
				A9AD95411FE0F1B700E7F736 /* Base */,
			);
			name = LaunchScreen.storyboard;
			sourceTree = "<group>";
		};
/* End PBXVariantGroup section */

/* Begin XCBuildConfiguration section */
		A9AD95441FE0F1B700E7F736 /* Debug */ = {
			isa = XCBuildConfiguration;
			buildSettings = {
				ALWAYS_SEARCH_USER_PATHS = NO;
				CLANG_ANALYZER_NONNULL = YES;
				CLANG_ANALYZER_NUMBER_OBJECT_CONVERSION = YES_AGGRESSIVE;
				CLANG_CXX_LANGUAGE_STANDARD = "gnu++14";
				CLANG_CXX_LIBRARY = "libc++";
				CLANG_ENABLE_MODULES = YES;
				CLANG_ENABLE_OBJC_ARC = YES;
				CLANG_WARN_BLOCK_CAPTURE_AUTORELEASING = YES;
				CLANG_WARN_BOOL_CONVERSION = YES;
				CLANG_WARN_COMMA = YES;
				CLANG_WARN_CONSTANT_CONVERSION = YES;
				CLANG_WARN_DEPRECATED_OBJC_IMPLEMENTATIONS = YES;
				CLANG_WARN_DIRECT_OBJC_ISA_USAGE = YES_ERROR;
				CLANG_WARN_DOCUMENTATION_COMMENTS = YES;
				CLANG_WARN_EMPTY_BODY = YES;
				CLANG_WARN_ENUM_CONVERSION = YES;
				CLANG_WARN_INFINITE_RECURSION = YES;
				CLANG_WARN_INT_CONVERSION = YES;
				CLANG_WARN_NON_LITERAL_NULL_CONVERSION = YES;
				CLANG_WARN_OBJC_IMPLICIT_RETAIN_SELF = YES;
				CLANG_WARN_OBJC_LITERAL_CONVERSION = YES;
				CLANG_WARN_OBJC_ROOT_CLASS = YES_ERROR;
				CLANG_WARN_QUOTED_INCLUDE_IN_FRAMEWORK_HEADER = YES;
				CLANG_WARN_RANGE_LOOP_ANALYSIS = YES;
				CLANG_WARN_STRICT_PROTOTYPES = YES;
				CLANG_WARN_SUSPICIOUS_MOVE = YES;
				CLANG_WARN_UNGUARDED_AVAILABILITY = YES_AGGRESSIVE;
				CLANG_WARN_UNREACHABLE_CODE = YES;
				CLANG_WARN__DUPLICATE_METHOD_MATCH = YES;
				CODE_SIGN_IDENTITY = "iPhone Developer";
				COPY_PHASE_STRIP = NO;
				DEBUG_INFORMATION_FORMAT = dwarf;
				ENABLE_STRICT_OBJC_MSGSEND = YES;
				ENABLE_TESTABILITY = YES;
				GCC_C_LANGUAGE_STANDARD = gnu11;
				GCC_DYNAMIC_NO_PIC = NO;
				GCC_NO_COMMON_BLOCKS = YES;
				GCC_OPTIMIZATION_LEVEL = 0;
				GCC_PREPROCESSOR_DEFINITIONS = (
					"DEBUG=1",
					"$(inherited)",
				);
				GCC_WARN_64_TO_32_BIT_CONVERSION = YES;
				GCC_WARN_ABOUT_RETURN_TYPE = YES_ERROR;
				GCC_WARN_UNDECLARED_SELECTOR = YES;
				GCC_WARN_UNINITIALIZED_AUTOS = YES_AGGRESSIVE;
				GCC_WARN_UNUSED_FUNCTION = YES;
				GCC_WARN_UNUSED_VARIABLE = YES;
				IPHONEOS_DEPLOYMENT_TARGET = 12.0;
				MTL_ENABLE_DEBUG_INFO = YES;
				ONLY_ACTIVE_ARCH = YES;
				SDKROOT = iphoneos;
				SWIFT_ACTIVE_COMPILATION_CONDITIONS = DEBUG;
				SWIFT_OPTIMIZATION_LEVEL = "-Onone";
			};
			name = Debug;
		};
		A9AD95451FE0F1B700E7F736 /* Release */ = {
			isa = XCBuildConfiguration;
			buildSettings = {
				ALWAYS_SEARCH_USER_PATHS = NO;
				CLANG_ANALYZER_NONNULL = YES;
				CLANG_ANALYZER_NUMBER_OBJECT_CONVERSION = YES_AGGRESSIVE;
				CLANG_CXX_LANGUAGE_STANDARD = "gnu++14";
				CLANG_CXX_LIBRARY = "libc++";
				CLANG_ENABLE_MODULES = YES;
				CLANG_ENABLE_OBJC_ARC = YES;
				CLANG_WARN_BLOCK_CAPTURE_AUTORELEASING = YES;
				CLANG_WARN_BOOL_CONVERSION = YES;
				CLANG_WARN_COMMA = YES;
				CLANG_WARN_CONSTANT_CONVERSION = YES;
				CLANG_WARN_DEPRECATED_OBJC_IMPLEMENTATIONS = YES;
				CLANG_WARN_DIRECT_OBJC_ISA_USAGE = YES_ERROR;
				CLANG_WARN_DOCUMENTATION_COMMENTS = YES;
				CLANG_WARN_EMPTY_BODY = YES;
				CLANG_WARN_ENUM_CONVERSION = YES;
				CLANG_WARN_INFINITE_RECURSION = YES;
				CLANG_WARN_INT_CONVERSION = YES;
				CLANG_WARN_NON_LITERAL_NULL_CONVERSION = YES;
				CLANG_WARN_OBJC_IMPLICIT_RETAIN_SELF = YES;
				CLANG_WARN_OBJC_LITERAL_CONVERSION = YES;
				CLANG_WARN_OBJC_ROOT_CLASS = YES_ERROR;
				CLANG_WARN_QUOTED_INCLUDE_IN_FRAMEWORK_HEADER = YES;
				CLANG_WARN_RANGE_LOOP_ANALYSIS = YES;
				CLANG_WARN_STRICT_PROTOTYPES = YES;
				CLANG_WARN_SUSPICIOUS_MOVE = YES;
				CLANG_WARN_UNGUARDED_AVAILABILITY = YES_AGGRESSIVE;
				CLANG_WARN_UNREACHABLE_CODE = YES;
				CLANG_WARN__DUPLICATE_METHOD_MATCH = YES;
				CODE_SIGN_IDENTITY = "iPhone Developer";
				COPY_PHASE_STRIP = NO;
				DEBUG_INFORMATION_FORMAT = "dwarf-with-dsym";
				ENABLE_NS_ASSERTIONS = NO;
				ENABLE_STRICT_OBJC_MSGSEND = YES;
				GCC_C_LANGUAGE_STANDARD = gnu11;
				GCC_NO_COMMON_BLOCKS = YES;
				GCC_WARN_64_TO_32_BIT_CONVERSION = YES;
				GCC_WARN_ABOUT_RETURN_TYPE = YES_ERROR;
				GCC_WARN_UNDECLARED_SELECTOR = YES;
				GCC_WARN_UNINITIALIZED_AUTOS = YES_AGGRESSIVE;
				GCC_WARN_UNUSED_FUNCTION = YES;
				GCC_WARN_UNUSED_VARIABLE = YES;
				IPHONEOS_DEPLOYMENT_TARGET = 12.0;
				MTL_ENABLE_DEBUG_INFO = NO;
				SDKROOT = iphoneos;
				SWIFT_OPTIMIZATION_LEVEL = "-Owholemodule";
				VALIDATE_PRODUCT = YES;
			};
			name = Release;
		};
		A9AD95471FE0F1B700E7F736 /* Debug */ = {
			isa = XCBuildConfiguration;
			buildSettings = {
				ASSETCATALOG_COMPILER_APPICON_NAME = AppIcon;
				"CODE_SIGN_IDENTITY[sdk=iphoneos*]" = "iPhone Developer";
				CODE_SIGN_STYLE = Manual;
				DEVELOPMENT_TEAM = "";
				INFOPLIST_FILE = "$(SRCROOT)/AJAlertController/Info.plist";
				IPHONEOS_DEPLOYMENT_TARGET = 12.0;
				LD_RUNPATH_SEARCH_PATHS = "$(inherited) @executable_path/Frameworks";
				PRODUCT_BUNDLE_IDENTIFIER = com.AJAlertController;
				PRODUCT_NAME = "$(TARGET_NAME)";
				PROVISIONING_PROFILE = "";
				PROVISIONING_PROFILE_SPECIFIER = "";
				SWIFT_VERSION = 5.0;
				TARGETED_DEVICE_FAMILY = "1,2";
			};
			name = Debug;
		};
		A9AD95481FE0F1B700E7F736 /* Release */ = {
			isa = XCBuildConfiguration;
			buildSettings = {
				ASSETCATALOG_COMPILER_APPICON_NAME = AppIcon;
				"CODE_SIGN_IDENTITY[sdk=iphoneos*]" = "iPhone Developer";
				CODE_SIGN_STYLE = Manual;
				DEVELOPMENT_TEAM = "";
				INFOPLIST_FILE = "$(SRCROOT)/AJAlertController/Info.plist";
				IPHONEOS_DEPLOYMENT_TARGET = 12.0;
				LD_RUNPATH_SEARCH_PATHS = "$(inherited) @executable_path/Frameworks";
				PRODUCT_BUNDLE_IDENTIFIER = com.AJAlertController;
				PRODUCT_NAME = "$(TARGET_NAME)";
				PROVISIONING_PROFILE = "";
				PROVISIONING_PROFILE_SPECIFIER = "";
				SWIFT_VERSION = 5.0;
				TARGETED_DEVICE_FAMILY = "1,2";
			};
			name = Release;
		};
/* End XCBuildConfiguration section */

/* Begin XCConfigurationList section */
		A9AD952F1FE0F1B700E7F736 /* Build configuration list for PBXProject "AJAlertController" */ = {
			isa = XCConfigurationList;
			buildConfigurations = (
				A9AD95441FE0F1B700E7F736 /* Debug */,
				A9AD95451FE0F1B700E7F736 /* Release */,
			);
			defaultConfigurationIsVisible = 0;
			defaultConfigurationName = Release;
		};
		A9AD95461FE0F1B700E7F736 /* Build configuration list for PBXNativeTarget "AJAlertController" */ = {
			isa = XCConfigurationList;
			buildConfigurations = (
				A9AD95471FE0F1B700E7F736 /* Debug */,
				A9AD95481FE0F1B700E7F736 /* Release */,
			);
			defaultConfigurationIsVisible = 0;
			defaultConfigurationName = Release;
		};
/* End XCConfigurationList section */
	};
	rootObject = A9AD952C1FE0F1B700E7F736 /* Project object */;
}
